{
  "version": 4,
  "terraform_version": "1.14.3",
  "serial": 50,
  "lineage": "f42ab2ea-0835-6567-798c-8f026f840619",
  "outputs": {
    "alb_controller_role_arn": {
      "value": "arn:aws:iam::032073356456:role/overcookied-aws-load-balancer-controller",
      "type": "string"
    },
    "backend_service_account_role_arn": {
      "value": "arn:aws:iam::032073356456:role/overcookied-backend-pod-role",
      "type": "string"
    },
    "cluster_endpoint": {
      "value": "https://796113063CF83CC3555C5926629AD504.gr7.eu-central-1.eks.amazonaws.com",
      "type": "string"
    },
    "cluster_name": {
      "value": "overcookied-eks",
      "type": "string"
    },
    "cluster_security_group_id": {
      "value": "sg-01ebc95de29515aa9",
      "type": "string"
    },
    "cluster_version": {
      "value": "1.31",
      "type": "string"
    },
    "ecr_login_command": {
      "value": "aws ecr get-login-password --region eu-central-1 | docker login --username AWS --password-stdin 032073356456.dkr.ecr.eu-central-1.amazonaws.com",
      "type": "string"
    },
    "ingress_url_command": {
      "value": "kubectl get ingress -n overcookied -o jsonpath='{.items[0].status.loadBalancer.ingress[0].hostname}'",
      "type": "string"
    },
    "kubeconfig_command": {
      "value": "aws eks update-kubeconfig --region eu-central-1 --name overcookied-eks",
      "type": "string"
    },
    "node_security_group_id": {
      "value": "sg-0ca1e77632b054ee3",
      "type": "string"
    },
    "oidc_provider_arn": {
      "value": "arn:aws:iam::032073356456:oidc-provider/oidc.eks.eu-central-1.amazonaws.com/id/796113063CF83CC3555C5926629AD504",
      "type": "string"
    },
    "oidc_provider_url": {
      "value": "oidc.eks.eu-central-1.amazonaws.com/id/796113063CF83CC3555C5926629AD504",
      "type": "string"
    },
    "valkey_port": {
      "value": 6379,
      "type": "number"
    }
  },
  "resources": [
    {
      "mode": "data",
      "type": "aws_caller_identity",
      "name": "current",
      "provider": "provider[\"registry.terraform.io/hashicorp/aws\"]",
      "instances": [
        {
          "schema_version": 0,
          "attributes": {
            "account_id": "032073356456",
            "arn": "arn:aws:iam::032073356456:user/Mauri",
            "id": "032073356456",
            "user_id": "AIDAQO55YSSUOV5K7EP5O"
          },
          "sensitive_attributes": [],
          "identity_schema_version": 0
        }
      ]
    },
    {
      "mode": "data",
      "type": "terraform_remote_state",
      "name": "base",
      "provider": "provider[\"terraform.io/builtin/terraform\"]",
      "instances": [
        {
          "schema_version": 0,
          "attributes": {
            "backend": "s3",
            "config": {
              "value": {
                "bucket": "overcookied-terraform-state",
                "key": "base/terraform.tfstate",
                "region": "eu-central-1"
              },
              "type": [
                "object",
                {
                  "bucket": "string",
                  "key": "string",
                  "region": "string"
                }
              ]
            },
            "defaults": null,
            "outputs": {
              "value": {
                "aws_region": "eu-central-1",
                "ecr_backend_arn": "arn:aws:ecr:eu-central-1:032073356456:repository/overcookied-backend",
                "ecr_backend_url": "032073356456.dkr.ecr.eu-central-1.amazonaws.com/overcookied-backend",
                "ecr_frontend_arn": "arn:aws:ecr:eu-central-1:032073356456:repository/overcookied-frontend",
                "ecr_frontend_url": "032073356456.dkr.ecr.eu-central-1.amazonaws.com/overcookied-frontend",
                "project_name": "overcookied",
                "public_subnet_cidrs": [
                  "10.0.1.0/24",
                  "10.0.2.0/24",
                  "10.0.3.0/24"
                ],
                "public_subnet_ids": [
                  "subnet-0703b263596fb87d5",
                  "subnet-0dd7fcf640ce6ad59",
                  "subnet-00009c5d4e0912be7"
                ],
                "vpc_cidr": "10.0.0.0/16",
                "vpc_id": "vpc-0fe2fdd69cf5318f3"
              },
              "type": [
                "object",
                {
                  "aws_region": "string",
                  "ecr_backend_arn": "string",
                  "ecr_backend_url": "string",
                  "ecr_frontend_arn": "string",
                  "ecr_frontend_url": "string",
                  "project_name": "string",
                  "public_subnet_cidrs": [
                    "tuple",
                    [
                      "string",
                      "string",
                      "string"
                    ]
                  ],
                  "public_subnet_ids": [
                    "tuple",
                    [
                      "string",
                      "string",
                      "string"
                    ]
                  ],
                  "vpc_cidr": "string",
                  "vpc_id": "string"
                }
              ]
            },
            "workspace": null
          },
          "sensitive_attributes": [],
          "identity_schema_version": 0
        }
      ]
    },
    {
      "mode": "data",
      "type": "tls_certificate",
      "name": "cluster",
      "provider": "provider[\"registry.terraform.io/hashicorp/tls\"]",
      "instances": [
        {
          "schema_version": 0,
          "attributes": {
            "certificates": [
              {
                "cert_pem": "-----BEGIN CERTIFICATE-----\nMIIEkjCCA3qgAwIBAgITBn+USionzfP6wq4rAfkI7rnExjANBgkqhkiG9w0BAQsF\nADCBmDELMAkGA1UEBhMCVVMxEDAOBgNVBAgTB0FyaXpvbmExEzARBgNVBAcTClNj\nb3R0c2RhbGUxJTAjBgNVBAoTHFN0YXJmaWVsZCBUZWNobm9sb2dpZXMsIEluYy4x\nOzA5BgNVBAMTMlN0YXJmaWVsZCBTZXJ2aWNlcyBSb290IENlcnRpZmljYXRlIEF1\ndGhvcml0eSAtIEcyMB4XDTE1MDUyNTEyMDAwMFoXDTM3MTIzMTAxMDAwMFowOTEL\nMAkGA1UEBhMCVVMxDzANBgNVBAoTBkFtYXpvbjEZMBcGA1UEAxMQQW1hem9uIFJv\nb3QgQ0EgMTCCASIwDQYJKoZIhvcNAQEBBQADggEPADCCAQoCggEBALJ4gHHKeNXj\nca9HgFB0fW7Y14h29Jlo91ghYPl0hAEvrAIthtOgQ3pOsqTQNroBvo3bSMgHFzZM\n9O6II8c+6zf1tRn4SWiw3te5djgdYZ6k/oI2peVKVuRF4fn9tBb6dNqcmzU5L/qw\nIFAGbHrQgLKm+a/sRxmPUDgH3KKHOVj4utWp+UhnMJbulHheb4mjUcAwhmahRWa6\nVOujw5H5SNz/0egwLX0tdHA114gk957EWW67c4cX8jJGKLhD+rcdqsq08p8kDi1L\n93FcXmn/6pUCyziKrlA4b9v7LWIbxcceVOF34GfID5yHI9Y/QCB/IIDEgEw+OyQm\njgSubJrIqg0CAwEAAaOCATEwggEtMA8GA1UdEwEB/wQFMAMBAf8wDgYDVR0PAQH/\nBAQDAgGGMB0GA1UdDgQWBBSEGMyFNOy8DJSULghZnMeyEE4KCDAfBgNVHSMEGDAW\ngBScXwDfqgHXMCs4iKK4bUqc8hGRgzB4BggrBgEFBQcBAQRsMGowLgYIKwYBBQUH\nMAGGImh0dHA6Ly9vY3NwLnJvb3RnMi5hbWF6b250cnVzdC5jb20wOAYIKwYBBQUH\nMAKGLGh0dHA6Ly9jcnQucm9vdGcyLmFtYXpvbnRydXN0LmNvbS9yb290ZzIuY2Vy\nMD0GA1UdHwQ2MDQwMqAwoC6GLGh0dHA6Ly9jcmwucm9vdGcyLmFtYXpvbnRydXN0\nLmNvbS9yb290ZzIuY3JsMBEGA1UdIAQKMAgwBgYEVR0gADANBgkqhkiG9w0BAQsF\nAAOCAQEAYjdCXLwQtT6LLOkMm2xF4gcAevnFWAu5CIw+7bMlPLVvUOTNNWqnkzSW\nMiGpSESrnO09tKpzbeR/FoCJbM8oAxiDR3mjEH4wW6w7sGDgd9QIpuEdfF7Au/ma\neyKdpwAJfqxGF4PcnCZXmTA5YpaP7dreqsXMGz7KQ2hsVxa81Q4gLv7/wmpdLqBK\nbRRYh5TmOTFffHPLkIhqhBGWJ6bt2YFGpn6jcgAKUj6DiAdjd4lpFw85hdKrCEVN\n0FE6/V1dN2RMfjCyVSRCnTawXZwXgWHxyvkQAiSr6w10kY17RSlQOYiypok1JR4U\nakcjMS9cmvqtmg5iUaQqqcT5NJ0hGA==\n-----END CERTIFICATE-----\n",
                "is_ca": true,
                "issuer": "CN=Starfield Services Root Certificate Authority - G2,O=Starfield Technologies\\, Inc.,L=Scottsdale,ST=Arizona,C=US",
                "not_after": "2037-12-31T01:00:00Z",
                "not_before": "2015-05-25T12:00:00Z",
                "public_key_algorithm": "RSA",
                "serial_number": "144918191876577076464031512351042010504348870",
                "sha1_fingerprint": "06b25927c42a721631c1efd9431e648fa62e1e39",
                "signature_algorithm": "SHA256-RSA",
                "subject": "CN=Amazon Root CA 1,O=Amazon,C=US",
                "version": 3
              },
              {
                "cert_pem": "-----BEGIN CERTIFICATE-----\nMIIEXjCCA0agAwIBAgITB3MSTNQG0mfAmRzdKZqfODF5hTANBgkqhkiG9w0BAQsF\nADA5MQswCQYDVQQGEwJVUzEPMA0GA1UEChMGQW1hem9uMRkwFwYDVQQDExBBbWF6\nb24gUm9vdCBDQSAxMB4XDTIyMDgyMzIyMjYwNFoXDTMwMDgyMzIyMjYwNFowPDEL\nMAkGA1UEBhMCVVMxDzANBgNVBAoTBkFtYXpvbjEcMBoGA1UEAxMTQW1hem9uIFJT\nQSAyMDQ4IE0wMzCCASIwDQYJKoZIhvcNAQEBBQADggEPADCCAQoCggEBALd/pVko\n8vuM475Tf45HV3BbCl/B9Jy89G1CRkFjcPY06WA9lS+7dWbUA7GtWUKoksr69hKM\nwcMsNpxlw7b3jeXFgxB09/nmalcAWtnLzF+LaDKEA5DQmvKzuh1nfIfqEiKCQSmX\nXh09Xs+dO7cm5qbaL2hhNJCSAejciwcvOFgFNgEMR42wm6KIFHsQW28jhA+1u/M0\np6fVwReuEgZfLfdx82Px0LJck3lST3EB/JfbdsdOzzzg5YkY1dfuqf8y5fUeZ7Cz\nWXbTjujwX/TovmeWKA36VLCz75azW6tDNuDn66FOpADZZ9omVaF6BqNJiLMVl6P3\n/c0OiUMC6Z5OfKcCAwEAAaOCAVowggFWMBIGA1UdEwEB/wQIMAYBAf8CAQAwDgYD\nVR0PAQH/BAQDAgGGMB0GA1UdJQQWMBQGCCsGAQUFBwMBBggrBgEFBQcDAjAdBgNV\nHQ4EFgQUVdkYX9IczAHhWLS+q9lVQgHXLgIwHwYDVR0jBBgwFoAUhBjMhTTsvAyU\nlC4IWZzHshBOCggwewYIKwYBBQUHAQEEbzBtMC8GCCsGAQUFBzABhiNodHRwOi8v\nb2NzcC5yb290Y2ExLmFtYXpvbnRydXN0LmNvbTA6BggrBgEFBQcwAoYuaHR0cDov\nL2NydC5yb290Y2ExLmFtYXpvbnRydXN0LmNvbS9yb290Y2ExLmNlcjA/BgNVHR8E\nODA2MDSgMqAwhi5odHRwOi8vY3JsLnJvb3RjYTEuYW1hem9udHJ1c3QuY29tL3Jv\nb3RjYTEuY3JsMBMGA1UdIAQMMAowCAYGZ4EMAQIBMA0GCSqGSIb3DQEBCwUAA4IB\nAQAGjeWm2cC+3z2MzSCnte46/7JZvj3iQZDY7EvODNdZF41n71Lrk9kbfNwerK0d\nVNzW36Wefr7j7ZSwBVg50W5ay65jNSN74TTQV1yt4WnSbVvN6KlMs1hiyOZdoHKs\nKDV2UGNxbdoBYCQNa2GYF8FQIWLugNp35aSOpMy6cFlymFQomIrnOQHwK1nvVY4q\nxDSJMU/gNJz17D8ArPN3ngnyZ2TwepJ0uBINz3G5te2rdFUF4i4Y3Bb7FUlHDYm4\nu8aIRGpk2ZpfXmxaoxnbIBZRvGLPSUuPwnwoUOMsJ8jirI5vs2dvchPb7MtI1rle\ni02f2ivH2vxkjDLltSpe2fiC\n-----END CERTIFICATE-----\n",
                "is_ca": true,
                "issuer": "CN=Amazon Root CA 1,O=Amazon,C=US",
                "not_after": "2030-08-23T22:26:04Z",
                "not_before": "2022-08-23T22:26:04Z",
                "public_key_algorithm": "RSA",
                "serial_number": "166129356476704345391986644047206454194698629",
                "sha1_fingerprint": "d9fe0a65fa00cabf61f5120d373a8135e1461f15",
                "signature_algorithm": "SHA256-RSA",
                "subject": "CN=Amazon RSA 2048 M03,O=Amazon,C=US",
                "version": 3
              },
              {
                "cert_pem": "-----BEGIN CERTIFICATE-----\nMIIF6zCCBNOgAwIBAgIQC4hEi7pJ3+PGBwfnYdVdtjANBgkqhkiG9w0BAQsFADA8\nMQswCQYDVQQGEwJVUzEPMA0GA1UEChMGQW1hem9uMRwwGgYDVQQDExNBbWF6b24g\nUlNBIDIwNDggTTAzMB4XDTI1MDIyNjAwMDAwMFoXDTI2MDMyODIzNTk1OVowKzEp\nMCcGA1UEAwwgKi5la3MuZXUtY2VudHJhbC0xLmFtYXpvbmF3cy5jb20wggEiMA0G\nCSqGSIb3DQEBAQUAA4IBDwAwggEKAoIBAQC8puZUGMtG9NupSlPRt3lJH/6LUZkA\nna0255m0jGkEEEasY5c3Y9y/5wn11wU1h9QNNOC9KoOhHRsIr4ElOp5fQl1aEZmx\nd29ecm27kLwomsvBvYiNBT1fPVvcLJ63h0jYpe2id0XBlBKPmgA2gmFrmejgwhvn\n5P+jETAB4Matc9OreyTIi1Ka/B79rw5Xl+ktuPfjGkf5rIrAEij58j8Th3hxC1JC\np4ItbIUXB4D9+xu/WGkkBf09oMW2Gtn1BA3K6gPBD+4x7kYkSCIaHPYNybXu2VaD\nVzAIMNLQDqV6ZstzwT5EosGka1MlUDqglgauT7uO7J471DLBCU37Oy1zAgMBAAGj\nggL4MIIC9DAfBgNVHSMEGDAWgBRV2Rhf0hzMAeFYtL6r2VVCAdcuAjAdBgNVHQ4E\nFgQU3e7kV+q/ZIOdeba4p0AY4fLWbDEwKwYDVR0RBCQwIoIgKi5la3MuZXUtY2Vu\ndHJhbC0xLmFtYXpvbmF3cy5jb20wEwYDVR0gBAwwCjAIBgZngQwBAgEwDgYDVR0P\nAQH/BAQDAgWgMB0GA1UdJQQWMBQGCCsGAQUFBwMBBggrBgEFBQcDAjA7BgNVHR8E\nNDAyMDCgLqAshipodHRwOi8vY3JsLnIybTAzLmFtYXpvbnRydXN0LmNvbS9yMm0w\nMy5jcmwwdQYIKwYBBQUHAQEEaTBnMC0GCCsGAQUFBzABhiFodHRwOi8vb2NzcC5y\nMm0wMy5hbWF6b250cnVzdC5jb20wNgYIKwYBBQUHMAKGKmh0dHA6Ly9jcnQucjJt\nMDMuYW1hem9udHJ1c3QuY29tL3IybTAzLmNlcjAMBgNVHRMBAf8EAjAAMIIBfQYK\nKwYBBAHWeQIEAgSCAW0EggFpAWcAdgCWl2S/VViXrfdDh2g3CEJ36fA61fak8zZu\nRqQ/D8qpxgAAAZU/pyUOAAAEAwBHMEUCIQCNGYIB9FphlXfLsCVhQa/nNyVA/OdF\nRAGBY1lYwOesgQIgSxIRDYVexFOcPgi5z+hd4vJ0msxgtzn1r8r0GuIgb+UAdgBk\nEcRspBLsp4kcogIuALyrTygH1B41J6vq/tUDyX3N8AAAAZU/pyUSAAAEAwBHMEUC\nICjGzP3jERdiAZx7Y/+lBeGcMETjSt4wPuxC+VwI7b0lAiEAqM0tpbUmGJ9na6SZ\nWOyoCOPCI+kdhNnAw/Q/Sz5tMs4AdQBJnJtp3h187Pw23s2HZKa4W68Kh4AZ0VVS\n++nrKd34wwAAAZU/pyUoAAAEAwBGMEQCIHxndNIoIP6XqwGW2Rbxv/u6Yf92X/Ri\nDTsMsAB0en88AiB0S+seC5AF4ZbNRgblgu6rqYc1oPH8VDEgP4ji6M4NFzANBgkq\nhkiG9w0BAQsFAAOCAQEAVIDr+wgnND9P7BO6f8X6bcNZ6GoCp+Rsj47shArfCRgF\np50/8kK5KeMVnXKeEy0LJ/9D3/oHWV2TGLa9lsoCwG06hwUpXXtG3lW1HEGUOgiM\nCCsPxK8/MX8fseEfBwu+Yy/2JYRYwrybKe/aTs1DSs60tOQO5qQj1nvT1f2sMnSC\nAwIYWSGmkCzftcwPDcdVcGU3wS6tDBLVQIZwUPbfA52m7WullmKGbrDjGn5Cy7iW\nelyfkmEJcEAYW4ctx/jrV49P7tq+14HAVZqbnrd0s0wUKnq0kKMztNN96Ce9TNS2\nEKPavd8oe0ZM/cBQR1tVjNi5R1af9reYYUHKYSv01g==\n-----END CERTIFICATE-----\n",
                "is_ca": false,
                "issuer": "CN=Amazon RSA 2048 M03,O=Amazon,C=US",
                "not_after": "2026-03-28T23:59:59Z",
                "not_before": "2025-02-26T00:00:00Z",
                "public_key_algorithm": "RSA",
                "serial_number": "15329050600615969656761797089774886326",
                "sha1_fingerprint": "c3c07e30211ff224dc6db2086d7bbaa42929a81e",
                "signature_algorithm": "SHA256-RSA",
                "subject": "CN=*.eks.eu-central-1.amazonaws.com",
                "version": 3
              }
            ],
            "content": null,
            "id": "efc5619605e4300447be4c860675ff76c35033c7",
            "url": "https://oidc.eks.eu-central-1.amazonaws.com/id/796113063CF83CC3555C5926629AD504",
            "verify_chain": true
          },
          "sensitive_attributes": [],
          "identity_schema_version": 0
        }
      ]
    },
    {
      "mode": "managed",
      "type": "aws_eks_addon",
      "name": "coredns",
      "provider": "provider[\"registry.terraform.io/hashicorp/aws\"]",
      "instances": [
        {
          "schema_version": 0,
          "attributes": {
            "addon_name": "coredns",
            "addon_version": "v1.11.3-eksbuild.1",
            "arn": "arn:aws:eks:eu-central-1:032073356456:addon/overcookied-eks/coredns/f8cde143-b094-07b7-638a-d224cfae5aff",
            "cluster_name": "overcookied-eks",
            "configuration_values": "",
            "created_at": "2026-01-15T16:40:11Z",
            "id": "overcookied-eks:coredns",
            "modified_at": "2026-01-15T16:40:24Z",
            "pod_identity_association": [],
            "preserve": null,
            "resolve_conflicts": null,
            "resolve_conflicts_on_create": null,
            "resolve_conflicts_on_update": null,
            "service_account_role_arn": "",
            "tags": {},
            "tags_all": {
              "Environment": "prod",
              "Layer": "EKS",
              "ManagedBy": "Terraform",
              "Project": "overcookied"
            },
            "timeouts": null
          },
          "sensitive_attributes": [],
          "identity_schema_version": 0,
          "private": "eyJlMmJmYjczMC1lY2FhLTExZTYtOGY4OC0zNDM2M2JjN2M0YzAiOnsiY3JlYXRlIjoxMjAwMDAwMDAwMDAwLCJkZWxldGUiOjI0MDAwMDAwMDAwMDAsInVwZGF0ZSI6MTIwMDAwMDAwMDAwMH19",
          "dependencies": [
            "aws_eks_cluster.main",
            "aws_eks_node_group.main",
            "aws_iam_role.cluster",
            "aws_iam_role.nodes",
            "aws_iam_role_policy_attachment.cluster_policy",
            "aws_iam_role_policy_attachment.cluster_vpc_resource_controller",
            "aws_iam_role_policy_attachment.nodes_cni",
            "aws_iam_role_policy_attachment.nodes_ecr_read",
            "aws_iam_role_policy_attachment.nodes_worker_node",
            "aws_security_group.cluster",
            "data.terraform_remote_state.base"
          ]
        }
      ]
    },
    {
      "mode": "managed",
      "type": "aws_eks_addon",
      "name": "kube_proxy",
      "provider": "provider[\"registry.terraform.io/hashicorp/aws\"]",
      "instances": [
        {
          "schema_version": 0,
          "attributes": {
            "addon_name": "kube-proxy",
            "addon_version": "v1.31.10-eksbuild.12",
            "arn": "arn:aws:eks:eu-central-1:032073356456:addon/overcookied-eks/kube-proxy/6ecde142-def8-c983-79ed-26f28ab32794",
            "cluster_name": "overcookied-eks",
            "configuration_values": "",
            "created_at": "2026-01-15T16:38:24Z",
            "id": "overcookied-eks:kube-proxy",
            "modified_at": "2026-01-15T16:38:31Z",
            "pod_identity_association": [],
            "preserve": null,
            "resolve_conflicts": null,
            "resolve_conflicts_on_create": null,
            "resolve_conflicts_on_update": null,
            "service_account_role_arn": "",
            "tags": {},
            "tags_all": {
              "Environment": "prod",
              "Layer": "EKS",
              "ManagedBy": "Terraform",
              "Project": "overcookied"
            },
            "timeouts": null
          },
          "sensitive_attributes": [],
          "identity_schema_version": 0,
          "private": "eyJlMmJmYjczMC1lY2FhLTExZTYtOGY4OC0zNDM2M2JjN2M0YzAiOnsiY3JlYXRlIjoxMjAwMDAwMDAwMDAwLCJkZWxldGUiOjI0MDAwMDAwMDAwMDAsInVwZGF0ZSI6MTIwMDAwMDAwMDAwMH19",
          "dependencies": [
            "aws_eks_cluster.main",
            "aws_iam_role.cluster",
            "aws_iam_role_policy_attachment.cluster_policy",
            "aws_iam_role_policy_attachment.cluster_vpc_resource_controller",
            "aws_security_group.cluster",
            "data.terraform_remote_state.base"
          ]
        }
      ]
    },
    {
      "mode": "managed",
      "type": "aws_eks_addon",
      "name": "vpc_cni",
      "provider": "provider[\"registry.terraform.io/hashicorp/aws\"]",
      "instances": [
        {
          "schema_version": 0,
          "attributes": {
            "addon_name": "vpc-cni",
            "addon_version": "v1.20.4-eksbuild.2",
            "arn": "arn:aws:eks:eu-central-1:032073356456:addon/overcookied-eks/vpc-cni/08cde142-def6-5bdf-92e4-d5c3b15f0d53",
            "cluster_name": "overcookied-eks",
            "configuration_values": "",
            "created_at": "2026-01-15T16:38:23Z",
            "id": "overcookied-eks:vpc-cni",
            "modified_at": "2026-01-15T16:38:31Z",
            "pod_identity_association": [],
            "preserve": null,
            "resolve_conflicts": null,
            "resolve_conflicts_on_create": null,
            "resolve_conflicts_on_update": null,
            "service_account_role_arn": "",
            "tags": {},
            "tags_all": {
              "Environment": "prod",
              "Layer": "EKS",
              "ManagedBy": "Terraform",
              "Project": "overcookied"
            },
            "timeouts": null
          },
          "sensitive_attributes": [],
          "identity_schema_version": 0,
          "private": "eyJlMmJmYjczMC1lY2FhLTExZTYtOGY4OC0zNDM2M2JjN2M0YzAiOnsiY3JlYXRlIjoxMjAwMDAwMDAwMDAwLCJkZWxldGUiOjI0MDAwMDAwMDAwMDAsInVwZGF0ZSI6MTIwMDAwMDAwMDAwMH19",
          "dependencies": [
            "aws_eks_cluster.main",
            "aws_iam_role.cluster",
            "aws_iam_role_policy_attachment.cluster_policy",
            "aws_iam_role_policy_attachment.cluster_vpc_resource_controller",
            "aws_security_group.cluster",
            "data.terraform_remote_state.base"
          ]
        }
      ]
    },
    {
      "mode": "managed",
      "type": "aws_eks_cluster",
      "name": "main",
      "provider": "provider[\"registry.terraform.io/hashicorp/aws\"]",
      "instances": [
        {
          "schema_version": 1,
          "attributes": {
            "access_config": [
              {
                "authentication_mode": "CONFIG_MAP",
                "bootstrap_cluster_creator_admin_permissions": true
              }
            ],
            "arn": "arn:aws:eks:eu-central-1:032073356456:cluster/overcookied-eks",
            "bootstrap_self_managed_addons": true,
            "certificate_authority": [
              {
                "data": "LS0tLS1CRUdJTiBDRVJUSUZJQ0FURS0tLS0tCk1JSURCVENDQWUyZ0F3SUJBZ0lJTWlHdkJPR0U1RWN3RFFZSktvWklodmNOQVFFTEJRQXdGVEVUTUJFR0ExVUUKQXhNS2EzVmlaWEp1WlhSbGN6QWVGdzB5TmpBeE1UVXhOak13TURoYUZ3MHpOakF4TVRNeE5qTTFNRGhhTUJVeApFekFSQmdOVkJBTVRDbXQxWW1WeWJtVjBaWE13Z2dFaU1BMEdDU3FHU0liM0RRRUJBUVVBQTRJQkR3QXdnZ0VLCkFvSUJBUUN3K1pDKzZBazBPU1NFVytGdW1QMVhZaEZKWWNaQU9oZTB4cUQ1cFJLdFBTZ0FJNjJFeHBxc3RXVTcKUFlYWjlMWWNpVVZIVFdnY3hmNmowTTlzam1pbGIybmxUaXBXeXBsOFBZS3lid2c4elVXaldIZm9MRUZBU2dkVwppUElVVVo2Y0tkTmlZUjlhd0xTejMza2JXU05SM3ZPbWdvQUIycUhSOUZreG1ybzllQnRTSkt1a1ZONE1iU1VwCmQ1UVErR05ISzlMWjhSYXlrVXI5TmVvek1GMVpCbEtqNXhqLzMyT2NIL2RZRlYxbS9mZ0Z1M3hOUDV2eCtKOWwKNFB4d3pzRy9NQ0xhQUEyclFFbkdhWXYwVC8rR244c1pDNHZpdHZ1MVBFSi82ck1pU0F6TTZRVGpsK0NWVXBYRAo5KzJ2R0lrb3YzNmk3TGlaZ0N4OVNaSnQxSFNWQWdNQkFBR2pXVEJYTUE0R0ExVWREd0VCL3dRRUF3SUNwREFQCkJnTlZIUk1CQWY4RUJUQURBUUgvTUIwR0ExVWREZ1FXQkJRM0RheDJWeUtlbW5iQ2p5SXkrSzZsUDJkMVVEQVYKQmdOVkhSRUVEakFNZ2dwcmRXSmxjbTVsZEdWek1BMEdDU3FHU0liM0RRRUJDd1VBQTRJQkFRQjN5L0pPemZQOApEUlNCUmlNc1M1TVBwRWg2QzM2V0VrbHNzeWFSUzBjdzhwZUtqTlBLUFM2R05SMUdlbHBQeVcwaWlVbXgzd3FRCnROZkZySkFqb2pUVzJLUkVIcWlIU1Fqei9OV0Z2S3oweUhSMi9nckRYbUxOTFRJLzB2R3huOEl0eTFjc1dCdUEKQ1JjMVFreDltcDVjaXJYaG9TOXphZlg1b0hXWS96cDZDbndUcVpoaGs2Uk9rYXVEUlFKTDJHem1zVDBPblRxWQp6Nzh0Z0JmOTFFQk5yU1lCSjMvZFRiSUNXM0dZRHNrdERReEVxeDZCOHNlNEVTOExUek11S2FrTHVNY3h4UTFQCmQ4Zjh6dFVsc1RRNjErT3ZSeWIvUlZneWJMekpaQnByQWZMRXpHU2s0dnNjUURzNDRxNGFNR3c3cFAyWk9icW0KRG1KTmlCeGhJWlRpCi0tLS0tRU5EIENFUlRJRklDQVRFLS0tLS0K"
              }
            ],
            "cluster_id": null,
            "compute_config": [],
            "created_at": "2026-01-15T16:29:11Z",
            "enabled_cluster_log_types": [
              "api",
              "audit",
              "authenticator",
              "controllerManager",
              "scheduler"
            ],
            "encryption_config": [],
            "endpoint": "https://796113063CF83CC3555C5926629AD504.gr7.eu-central-1.eks.amazonaws.com",
            "force_update_version": null,
            "id": "overcookied-eks",
            "identity": [
              {
                "oidc": [
                  {
                    "issuer": "https://oidc.eks.eu-central-1.amazonaws.com/id/796113063CF83CC3555C5926629AD504"
                  }
                ]
              }
            ],
            "kubernetes_network_config": [
              {
                "elastic_load_balancing": [
                  {
                    "enabled": false
                  }
                ],
                "ip_family": "ipv4",
                "service_ipv4_cidr": "172.20.0.0/16",
                "service_ipv6_cidr": ""
              }
            ],
            "name": "overcookied-eks",
            "outpost_config": [],
            "platform_version": "eks.47",
            "remote_network_config": [],
            "role_arn": "arn:aws:iam::032073356456:role/overcookied-eks-cluster-role",
            "status": "ACTIVE",
            "storage_config": [],
            "tags": {
              "Name": "overcookied-eks"
            },
            "tags_all": {
              "Environment": "prod",
              "Layer": "EKS",
              "ManagedBy": "Terraform",
              "Name": "overcookied-eks",
              "Project": "overcookied"
            },
            "timeouts": null,
            "upgrade_policy": [
              {
                "support_type": "EXTENDED"
              }
            ],
            "version": "1.31",
            "vpc_config": [
              {
                "cluster_security_group_id": "sg-07e21879ce76f16ca",
                "endpoint_private_access": true,
                "endpoint_public_access": true,
                "public_access_cidrs": [
                  "0.0.0.0/0"
                ],
                "security_group_ids": [
                  "sg-01ebc95de29515aa9"
                ],
                "subnet_ids": [
                  "subnet-00009c5d4e0912be7",
                  "subnet-0703b263596fb87d5",
                  "subnet-0dd7fcf640ce6ad59"
                ],
                "vpc_id": "vpc-0fe2fdd69cf5318f3"
              }
            ],
            "zonal_shift_config": []
          },
          "sensitive_attributes": [],
          "identity_schema_version": 0,
          "private": "eyJlMmJmYjczMC1lY2FhLTExZTYtOGY4OC0zNDM2M2JjN2M0YzAiOnsiY3JlYXRlIjoxODAwMDAwMDAwMDAwLCJkZWxldGUiOjkwMDAwMDAwMDAwMCwidXBkYXRlIjozNjAwMDAwMDAwMDAwfSwic2NoZW1hX3ZlcnNpb24iOiIxIn0=",
          "dependencies": [
            "aws_iam_role.cluster",
            "aws_iam_role_policy_attachment.cluster_policy",
            "aws_iam_role_policy_attachment.cluster_vpc_resource_controller",
            "aws_security_group.cluster",
            "data.terraform_remote_state.base"
          ]
        }
      ]
    },
    {
      "mode": "managed",
      "type": "aws_eks_node_group",
      "name": "main",
      "provider": "provider[\"registry.terraform.io/hashicorp/aws\"]",
      "instances": [
        {
          "schema_version": 0,
          "attributes": {
            "ami_type": "AL2023_x86_64_STANDARD",
            "arn": "arn:aws:eks:eu-central-1:032073356456:nodegroup/overcookied-eks/overcookied-eks-nodes/9acde142-def9-3b0f-541a-e86031284925",
            "capacity_type": "ON_DEMAND",
            "cluster_name": "overcookied-eks",
            "disk_size": 20,
            "force_update_version": null,
            "id": "overcookied-eks:overcookied-eks-nodes",
            "instance_types": [
              "t3.small"
            ],
            "labels": {},
            "launch_template": [],
            "node_group_name": "overcookied-eks-nodes",
            "node_group_name_prefix": "",
            "node_repair_config": [],
            "node_role_arn": "arn:aws:iam::032073356456:role/overcookied-eks-nodes-role",
            "release_version": "1.31.13-20260107",
            "remote_access": [],
            "resources": [
              {
                "autoscaling_groups": [
                  {
                    "name": "eks-overcookied-eks-nodes-9acde142-def9-3b0f-541a-e86031284925"
                  }
                ],
                "remote_access_security_group_id": ""
              }
            ],
            "scaling_config": [
              {
                "desired_size": 2,
                "max_size": 4,
                "min_size": 1
              }
            ],
            "status": "ACTIVE",
            "subnet_ids": [
              "subnet-00009c5d4e0912be7",
              "subnet-0703b263596fb87d5",
              "subnet-0dd7fcf640ce6ad59"
            ],
            "tags": {
              "Name": "overcookied-eks-nodes"
            },
            "tags_all": {
              "Environment": "prod",
              "Layer": "EKS",
              "ManagedBy": "Terraform",
              "Name": "overcookied-eks-nodes",
              "Project": "overcookied"
            },
            "taint": [],
            "timeouts": null,
            "update_config": [
              {
                "max_unavailable": 1,
                "max_unavailable_percentage": 0
              }
            ],
            "version": "1.31"
          },
          "sensitive_attributes": [],
          "identity_schema_version": 0,
          "private": "eyJlMmJmYjczMC1lY2FhLTExZTYtOGY4OC0zNDM2M2JjN2M0YzAiOnsiY3JlYXRlIjozNjAwMDAwMDAwMDAwLCJkZWxldGUiOjM2MDAwMDAwMDAwMDAsInVwZGF0ZSI6MzYwMDAwMDAwMDAwMH19",
          "dependencies": [
            "aws_eks_cluster.main",
            "aws_iam_role.cluster",
            "aws_iam_role.nodes",
            "aws_iam_role_policy_attachment.cluster_policy",
            "aws_iam_role_policy_attachment.cluster_vpc_resource_controller",
            "aws_iam_role_policy_attachment.nodes_cni",
            "aws_iam_role_policy_attachment.nodes_ecr_read",
            "aws_iam_role_policy_attachment.nodes_worker_node",
            "aws_security_group.cluster",
            "data.terraform_remote_state.base"
          ]
        }
      ]
    },
    {
      "mode": "managed",
      "type": "aws_elasticache_replication_group",
      "name": "valkey",
      "provider": "provider[\"registry.terraform.io/hashicorp/aws\"]",
      "instances": [
        {
          "status": "tainted",
          "schema_version": 2,
          "attributes": {
            "apply_immediately": null,
            "arn": null,
            "at_rest_encryption_enabled": null,
            "auth_token": null,
            "auth_token_update_strategy": "ROTATE",
            "auto_minor_version_upgrade": "true",
            "automatic_failover_enabled": false,
            "cluster_enabled": null,
            "cluster_mode": null,
            "configuration_endpoint_address": null,
            "data_tiering_enabled": null,
            "description": "Valkey cache for Overcookied matchmaking",
            "engine": "valkey",
            "engine_version": "8.0",
            "engine_version_actual": null,
            "final_snapshot_identifier": null,
            "global_replication_group_id": null,
            "id": "overcookied-valkey",
            "ip_discovery": null,
            "kms_key_id": null,
            "log_delivery_configuration": [],
            "maintenance_window": null,
            "member_clusters": [],
            "multi_az_enabled": false,
            "network_type": null,
            "node_type": "cache.t3.micro",
            "notification_topic_arn": null,
            "num_cache_clusters": 1,
            "num_node_groups": null,
            "parameter_group_name": "default.valkey8",
            "port": 6379,
            "preferred_cache_cluster_azs": null,
            "primary_endpoint_address": null,
            "reader_endpoint_address": null,
            "replicas_per_node_group": null,
            "replication_group_id": "overcookied-valkey",
            "security_group_ids": [
              "sg-06160e8bbd2fa915d"
            ],
            "security_group_names": [],
            "snapshot_arns": null,
            "snapshot_name": null,
            "snapshot_retention_limit": null,
            "snapshot_window": null,
            "subnet_group_name": "overcookied-valkey-subnet",
            "tags": {
              "Name": "overcookied-valkey"
            },
            "tags_all": {
              "Environment": "prod",
              "Layer": "EKS",
              "ManagedBy": "Terraform",
              "Name": "overcookied-valkey",
              "Project": "overcookied"
            },
            "timeouts": null,
            "transit_encryption_enabled": null,
            "transit_encryption_mode": null,
            "user_group_ids": null
          },
          "sensitive_attributes": [
            [
              {
                "type": "get_attr",
                "value": "auth_token"
              }
            ]
          ],
          "identity_schema_version": 0,
          "private": "eyJlMmJmYjczMC1lY2FhLTExZTYtOGY4OC0zNDM2M2JjN2M0YzAiOnsiY3JlYXRlIjozNjAwMDAwMDAwMDAwLCJkZWxldGUiOjI3MDAwMDAwMDAwMDAsInVwZGF0ZSI6MjQwMDAwMDAwMDAwMH0sInNjaGVtYV92ZXJzaW9uIjoiMiJ9",
          "dependencies": [
            "aws_elasticache_subnet_group.valkey",
            "aws_security_group.cluster",
            "aws_security_group.nodes",
            "aws_security_group.valkey",
            "data.terraform_remote_state.base"
          ]
        }
      ]
    },
    {
      "mode": "managed",
      "type": "aws_elasticache_subnet_group",
      "name": "valkey",
      "provider": "provider[\"registry.terraform.io/hashicorp/aws\"]",
      "instances": [
        {
          "schema_version": 0,
          "attributes": {
            "arn": "arn:aws:elasticache:eu-central-1:032073356456:subnetgroup:overcookied-valkey-subnet",
            "description": "Managed by Terraform",
            "id": "overcookied-valkey-subnet",
            "name": "overcookied-valkey-subnet",
            "subnet_ids": [
              "subnet-00009c5d4e0912be7",
              "subnet-0703b263596fb87d5",
              "subnet-0dd7fcf640ce6ad59"
            ],
            "tags": {
              "Name": "overcookied-valkey-subnet"
            },
            "tags_all": {
              "Environment": "prod",
              "Layer": "EKS",
              "ManagedBy": "Terraform",
              "Name": "overcookied-valkey-subnet",
              "Project": "overcookied"
            },
            "vpc_id": "vpc-0fe2fdd69cf5318f3"
          },
          "sensitive_attributes": [],
          "identity_schema_version": 0,
          "private": "bnVsbA==",
          "dependencies": [
            "data.terraform_remote_state.base"
          ]
        }
      ]
    },
    {
      "mode": "managed",
      "type": "aws_iam_openid_connect_provider",
      "name": "eks",
      "provider": "provider[\"registry.terraform.io/hashicorp/aws\"]",
      "instances": [
        {
          "schema_version": 0,
          "attributes": {
            "arn": "arn:aws:iam::032073356456:oidc-provider/oidc.eks.eu-central-1.amazonaws.com/id/796113063CF83CC3555C5926629AD504",
            "client_id_list": [
              "sts.amazonaws.com"
            ],
            "id": "arn:aws:iam::032073356456:oidc-provider/oidc.eks.eu-central-1.amazonaws.com/id/796113063CF83CC3555C5926629AD504",
            "tags": {
              "Name": "overcookied-eks-oidc"
            },
            "tags_all": {
              "Environment": "prod",
              "Layer": "EKS",
              "ManagedBy": "Terraform",
              "Name": "overcookied-eks-oidc",
              "Project": "overcookied"
            },
            "thumbprint_list": [
              "06b25927c42a721631c1efd9431e648fa62e1e39"
            ],
            "url": "oidc.eks.eu-central-1.amazonaws.com/id/796113063CF83CC3555C5926629AD504"
          },
          "sensitive_attributes": [],
          "identity_schema_version": 0,
          "private": "bnVsbA==",
          "dependencies": [
            "aws_eks_cluster.main",
            "aws_iam_role.cluster",
            "aws_iam_role_policy_attachment.cluster_policy",
            "aws_iam_role_policy_attachment.cluster_vpc_resource_controller",
            "aws_security_group.cluster",
            "data.terraform_remote_state.base",
            "data.tls_certificate.cluster"
          ]
        }
      ]
    },
    {
      "mode": "managed",
      "type": "aws_iam_policy",
      "name": "aws_load_balancer_controller",
      "provider": "provider[\"registry.terraform.io/hashicorp/aws\"]",
      "instances": [
        {
          "schema_version": 0,
          "attributes": {
            "arn": "arn:aws:iam::032073356456:policy/overcookied-aws-load-balancer-controller-policy",
            "attachment_count": 1,
            "description": "IAM policy for AWS Load Balancer Controller",
            "id": "arn:aws:iam::032073356456:policy/overcookied-aws-load-balancer-controller-policy",
            "name": "overcookied-aws-load-balancer-controller-policy",
            "name_prefix": "",
            "path": "/",
            "policy": "{\"Statement\":[{\"Action\":[\"iam:CreateServiceLinkedRole\"],\"Condition\":{\"StringEquals\":{\"iam:AWSServiceName\":\"elasticloadbalancing.amazonaws.com\"}},\"Effect\":\"Allow\",\"Resource\":\"*\"},{\"Action\":[\"ec2:DescribeAccountAttributes\",\"ec2:DescribeAddresses\",\"ec2:DescribeAvailabilityZones\",\"ec2:DescribeInternetGateways\",\"ec2:DescribeVpcs\",\"ec2:DescribeVpcPeeringConnections\",\"ec2:DescribeSubnets\",\"ec2:DescribeSecurityGroups\",\"ec2:DescribeInstances\",\"ec2:DescribeNetworkInterfaces\",\"ec2:DescribeTags\",\"ec2:GetCoipPoolUsage\",\"ec2:DescribeCoipPools\",\"ec2:GetSecurityGroupsForVpc\",\"ec2:DescribeIpamPools\",\"ec2:DescribeRouteTables\",\"elasticloadbalancing:DescribeLoadBalancers\",\"elasticloadbalancing:DescribeLoadBalancerAttributes\",\"elasticloadbalancing:DescribeListeners\",\"elasticloadbalancing:DescribeListenerCertificates\",\"elasticloadbalancing:DescribeSSLPolicies\",\"elasticloadbalancing:DescribeRules\",\"elasticloadbalancing:DescribeTargetGroups\",\"elasticloadbalancing:DescribeTargetGroupAttributes\",\"elasticloadbalancing:DescribeTargetHealth\",\"elasticloadbalancing:DescribeTags\",\"elasticloadbalancing:DescribeTrustStores\",\"elasticloadbalancing:DescribeListenerAttributes\",\"elasticloadbalancing:DescribeCapacityReservation\"],\"Effect\":\"Allow\",\"Resource\":\"*\"},{\"Action\":[\"cognito-idp:DescribeUserPoolClient\",\"acm:ListCertificates\",\"acm:DescribeCertificate\",\"iam:ListServerCertificates\",\"iam:GetServerCertificate\",\"waf-regional:GetWebACL\",\"waf-regional:GetWebACLForResource\",\"waf-regional:AssociateWebACL\",\"waf-regional:DisassociateWebACL\",\"wafv2:GetWebACL\",\"wafv2:GetWebACLForResource\",\"wafv2:AssociateWebACL\",\"wafv2:DisassociateWebACL\",\"shield:GetSubscriptionState\",\"shield:DescribeProtection\",\"shield:CreateProtection\",\"shield:DeleteProtection\"],\"Effect\":\"Allow\",\"Resource\":\"*\"},{\"Action\":[\"ec2:AuthorizeSecurityGroupIngress\",\"ec2:RevokeSecurityGroupIngress\"],\"Effect\":\"Allow\",\"Resource\":\"*\"},{\"Action\":[\"ec2:CreateSecurityGroup\"],\"Effect\":\"Allow\",\"Resource\":\"*\"},{\"Action\":[\"ec2:CreateTags\"],\"Condition\":{\"Null\":{\"aws:RequestTag/elbv2.k8s.aws/cluster\":\"false\"},\"StringEquals\":{\"ec2:CreateAction\":\"CreateSecurityGroup\"}},\"Effect\":\"Allow\",\"Resource\":\"arn:aws:ec2:*:*:security-group/*\"},{\"Action\":[\"ec2:CreateTags\",\"ec2:DeleteTags\"],\"Condition\":{\"Null\":{\"aws:RequestTag/elbv2.k8s.aws/cluster\":\"true\",\"aws:ResourceTag/elbv2.k8s.aws/cluster\":\"false\"}},\"Effect\":\"Allow\",\"Resource\":\"arn:aws:ec2:*:*:security-group/*\"},{\"Action\":[\"ec2:AuthorizeSecurityGroupIngress\",\"ec2:RevokeSecurityGroupIngress\",\"ec2:DeleteSecurityGroup\"],\"Condition\":{\"Null\":{\"aws:ResourceTag/elbv2.k8s.aws/cluster\":\"false\"}},\"Effect\":\"Allow\",\"Resource\":\"*\"},{\"Action\":[\"elasticloadbalancing:CreateLoadBalancer\",\"elasticloadbalancing:CreateTargetGroup\"],\"Condition\":{\"Null\":{\"aws:RequestTag/elbv2.k8s.aws/cluster\":\"false\"}},\"Effect\":\"Allow\",\"Resource\":\"*\"},{\"Action\":[\"elasticloadbalancing:CreateListener\",\"elasticloadbalancing:DeleteListener\",\"elasticloadbalancing:CreateRule\",\"elasticloadbalancing:DeleteRule\"],\"Effect\":\"Allow\",\"Resource\":\"*\"},{\"Action\":[\"elasticloadbalancing:AddTags\",\"elasticloadbalancing:RemoveTags\"],\"Condition\":{\"Null\":{\"aws:RequestTag/elbv2.k8s.aws/cluster\":\"true\",\"aws:ResourceTag/elbv2.k8s.aws/cluster\":\"false\"}},\"Effect\":\"Allow\",\"Resource\":[\"arn:aws:elasticloadbalancing:*:*:targetgroup/*/*\",\"arn:aws:elasticloadbalancing:*:*:loadbalancer/net/*/*\",\"arn:aws:elasticloadbalancing:*:*:loadbalancer/app/*/*\"]},{\"Action\":[\"elasticloadbalancing:AddTags\",\"elasticloadbalancing:RemoveTags\"],\"Effect\":\"Allow\",\"Resource\":[\"arn:aws:elasticloadbalancing:*:*:listener/net/*/*/*\",\"arn:aws:elasticloadbalancing:*:*:listener/app/*/*/*\",\"arn:aws:elasticloadbalancing:*:*:listener-rule/net/*/*/*\",\"arn:aws:elasticloadbalancing:*:*:listener-rule/app/*/*/*\"]},{\"Action\":[\"elasticloadbalancing:ModifyLoadBalancerAttributes\",\"elasticloadbalancing:SetIpAddressType\",\"elasticloadbalancing:SetSecurityGroups\",\"elasticloadbalancing:SetSubnets\",\"elasticloadbalancing:DeleteLoadBalancer\",\"elasticloadbalancing:ModifyTargetGroup\",\"elasticloadbalancing:ModifyTargetGroupAttributes\",\"elasticloadbalancing:DeleteTargetGroup\",\"elasticloadbalancing:ModifyListenerAttributes\",\"elasticloadbalancing:ModifyCapacityReservation\",\"elasticloadbalancing:ModifyIpPools\"],\"Condition\":{\"Null\":{\"aws:ResourceTag/elbv2.k8s.aws/cluster\":\"false\"}},\"Effect\":\"Allow\",\"Resource\":\"*\"},{\"Action\":[\"elasticloadbalancing:AddTags\"],\"Condition\":{\"Null\":{\"aws:RequestTag/elbv2.k8s.aws/cluster\":\"false\"},\"StringEquals\":{\"elasticloadbalancing:CreateAction\":[\"CreateTargetGroup\",\"CreateLoadBalancer\"]}},\"Effect\":\"Allow\",\"Resource\":[\"arn:aws:elasticloadbalancing:*:*:targetgroup/*/*\",\"arn:aws:elasticloadbalancing:*:*:loadbalancer/net/*/*\",\"arn:aws:elasticloadbalancing:*:*:loadbalancer/app/*/*\"]},{\"Action\":[\"elasticloadbalancing:RegisterTargets\",\"elasticloadbalancing:DeregisterTargets\"],\"Effect\":\"Allow\",\"Resource\":\"arn:aws:elasticloadbalancing:*:*:targetgroup/*/*\"},{\"Action\":[\"elasticloadbalancing:SetWebAcl\",\"elasticloadbalancing:ModifyListener\",\"elasticloadbalancing:AddListenerCertificates\",\"elasticloadbalancing:RemoveListenerCertificates\",\"elasticloadbalancing:ModifyRule\",\"elasticloadbalancing:SetRulePriorities\"],\"Effect\":\"Allow\",\"Resource\":\"*\"}],\"Version\":\"2012-10-17\"}",
            "policy_id": "ANPAQO55YSSUE6TSRYLXT",
            "tags": {},
            "tags_all": {
              "Environment": "prod",
              "Layer": "EKS",
              "ManagedBy": "Terraform",
              "Project": "overcookied"
            }
          },
          "sensitive_attributes": [],
          "identity_schema_version": 0,
          "private": "bnVsbA=="
        }
      ]
    },
    {
      "mode": "managed",
      "type": "aws_iam_policy",
      "name": "backend_dynamodb",
      "provider": "provider[\"registry.terraform.io/hashicorp/aws\"]",
      "instances": [
        {
          "schema_version": 0,
          "attributes": {
            "arn": "arn:aws:iam::032073356456:policy/overcookied-backend-dynamodb-policy",
            "attachment_count": 1,
            "description": "DynamoDB access for Overcookied backend pods",
            "id": "arn:aws:iam::032073356456:policy/overcookied-backend-dynamodb-policy",
            "name": "overcookied-backend-dynamodb-policy",
            "name_prefix": "",
            "path": "/",
            "policy": "{\"Statement\":[{\"Action\":[\"dynamodb:GetItem\",\"dynamodb:PutItem\",\"dynamodb:UpdateItem\",\"dynamodb:Query\",\"dynamodb:Scan\",\"dynamodb:BatchGetItem\"],\"Effect\":\"Allow\",\"Resource\":[\"arn:aws:dynamodb:eu-central-1:032073356456:table/CookieUsers\",\"arn:aws:dynamodb:eu-central-1:032073356456:table/CookieGames\",\"arn:aws:dynamodb:eu-central-1:032073356456:table/CookieGames/index/*\"],\"Sid\":\"DynamoDBAccess\"}],\"Version\":\"2012-10-17\"}",
            "policy_id": "ANPAQO55YSSUI7AYUIKXJ",
            "tags": {},
            "tags_all": {
              "Environment": "prod",
              "Layer": "EKS",
              "ManagedBy": "Terraform",
              "Project": "overcookied"
            }
          },
          "sensitive_attributes": [],
          "identity_schema_version": 0,
          "private": "bnVsbA==",
          "dependencies": [
            "data.aws_caller_identity.current"
          ]
        }
      ]
    },
    {
      "mode": "managed",
      "type": "aws_iam_policy",
      "name": "backend_secrets",
      "provider": "provider[\"registry.terraform.io/hashicorp/aws\"]",
      "instances": [
        {
          "schema_version": 0,
          "attributes": {
            "arn": "arn:aws:iam::032073356456:policy/overcookied-backend-secrets-policy",
            "attachment_count": 1,
            "description": "Secrets Manager access for Overcookied backend pods",
            "id": "arn:aws:iam::032073356456:policy/overcookied-backend-secrets-policy",
            "name": "overcookied-backend-secrets-policy",
            "name_prefix": "",
            "path": "/",
            "policy": "{\"Statement\":[{\"Action\":[\"secretsmanager:GetSecretValue\"],\"Effect\":\"Allow\",\"Resource\":\"arn:aws:secretsmanager:eu-central-1:032073356456:secret:overcookied/*\",\"Sid\":\"SecretsManagerRead\"}],\"Version\":\"2012-10-17\"}",
            "policy_id": "ANPAQO55YSSUGFLS343TZ",
            "tags": {},
            "tags_all": {
              "Environment": "prod",
              "Layer": "EKS",
              "ManagedBy": "Terraform",
              "Project": "overcookied"
            }
          },
          "sensitive_attributes": [],
          "identity_schema_version": 0,
          "private": "bnVsbA==",
          "dependencies": [
            "data.aws_caller_identity.current"
          ]
        }
      ]
    },
    {
      "mode": "managed",
      "type": "aws_iam_role",
      "name": "aws_load_balancer_controller",
      "provider": "provider[\"registry.terraform.io/hashicorp/aws\"]",
      "instances": [
        {
          "schema_version": 0,
          "attributes": {
            "arn": "arn:aws:iam::032073356456:role/overcookied-aws-load-balancer-controller",
            "assume_role_policy": "{\"Statement\":[{\"Action\":\"sts:AssumeRoleWithWebIdentity\",\"Condition\":{\"StringEquals\":{\"oidc.eks.eu-central-1.amazonaws.com/id/796113063CF83CC3555C5926629AD504:aud\":\"sts.amazonaws.com\",\"oidc.eks.eu-central-1.amazonaws.com/id/796113063CF83CC3555C5926629AD504:sub\":\"system:serviceaccount:kube-system:aws-load-balancer-controller\"}},\"Effect\":\"Allow\",\"Principal\":{\"Federated\":\"arn:aws:iam::032073356456:oidc-provider/oidc.eks.eu-central-1.amazonaws.com/id/796113063CF83CC3555C5926629AD504\"}}],\"Version\":\"2012-10-17\"}",
            "create_date": "2026-01-15T16:38:24Z",
            "description": "",
            "force_detach_policies": false,
            "id": "overcookied-aws-load-balancer-controller",
            "inline_policy": [],
            "managed_policy_arns": [
              "arn:aws:iam::032073356456:policy/overcookied-aws-load-balancer-controller-policy"
            ],
            "max_session_duration": 3600,
            "name": "overcookied-aws-load-balancer-controller",
            "name_prefix": "",
            "path": "/",
            "permissions_boundary": "",
            "tags": {
              "Name": "overcookied-aws-load-balancer-controller"
            },
            "tags_all": {
              "Environment": "prod",
              "Layer": "EKS",
              "ManagedBy": "Terraform",
              "Name": "overcookied-aws-load-balancer-controller",
              "Project": "overcookied"
            },
            "unique_id": "AROAQO55YSSUHLQTYXMZF"
          },
          "sensitive_attributes": [],
          "identity_schema_version": 0,
          "private": "bnVsbA==",
          "dependencies": [
            "aws_eks_cluster.main",
            "aws_iam_openid_connect_provider.eks",
            "aws_iam_role.cluster",
            "aws_iam_role_policy_attachment.cluster_policy",
            "aws_iam_role_policy_attachment.cluster_vpc_resource_controller",
            "aws_security_group.cluster",
            "data.terraform_remote_state.base",
            "data.tls_certificate.cluster"
          ]
        }
      ]
    },
    {
      "mode": "managed",
      "type": "aws_iam_role",
      "name": "backend_pod",
      "provider": "provider[\"registry.terraform.io/hashicorp/aws\"]",
      "instances": [
        {
          "schema_version": 0,
          "attributes": {
            "arn": "arn:aws:iam::032073356456:role/overcookied-backend-pod-role",
            "assume_role_policy": "{\"Statement\":[{\"Action\":\"sts:AssumeRoleWithWebIdentity\",\"Condition\":{\"StringEquals\":{\"oidc.eks.eu-central-1.amazonaws.com/id/796113063CF83CC3555C5926629AD504:aud\":\"sts.amazonaws.com\",\"oidc.eks.eu-central-1.amazonaws.com/id/796113063CF83CC3555C5926629AD504:sub\":\"system:serviceaccount:overcookied:backend-sa\"}},\"Effect\":\"Allow\",\"Principal\":{\"Federated\":\"arn:aws:iam::032073356456:oidc-provider/oidc.eks.eu-central-1.amazonaws.com/id/796113063CF83CC3555C5926629AD504\"}}],\"Version\":\"2012-10-17\"}",
            "create_date": "2026-01-15T16:38:24Z",
            "description": "",
            "force_detach_policies": false,
            "id": "overcookied-backend-pod-role",
            "inline_policy": [],
            "managed_policy_arns": [
              "arn:aws:iam::032073356456:policy/overcookied-backend-dynamodb-policy",
              "arn:aws:iam::032073356456:policy/overcookied-backend-secrets-policy"
            ],
            "max_session_duration": 3600,
            "name": "overcookied-backend-pod-role",
            "name_prefix": "",
            "path": "/",
            "permissions_boundary": "",
            "tags": {
              "Name": "overcookied-backend-pod-role"
            },
            "tags_all": {
              "Environment": "prod",
              "Layer": "EKS",
              "ManagedBy": "Terraform",
              "Name": "overcookied-backend-pod-role",
              "Project": "overcookied"
            },
            "unique_id": "AROAQO55YSSUOCHZDPJ4N"
          },
          "sensitive_attributes": [],
          "identity_schema_version": 0,
          "private": "bnVsbA==",
          "dependencies": [
            "aws_eks_cluster.main",
            "aws_iam_openid_connect_provider.eks",
            "aws_iam_role.cluster",
            "aws_iam_role_policy_attachment.cluster_policy",
            "aws_iam_role_policy_attachment.cluster_vpc_resource_controller",
            "aws_security_group.cluster",
            "data.terraform_remote_state.base",
            "data.tls_certificate.cluster"
          ]
        }
      ]
    },
    {
      "mode": "managed",
      "type": "aws_iam_role",
      "name": "cluster",
      "provider": "provider[\"registry.terraform.io/hashicorp/aws\"]",
      "instances": [
        {
          "schema_version": 0,
          "attributes": {
            "arn": "arn:aws:iam::032073356456:role/overcookied-eks-cluster-role",
            "assume_role_policy": "{\"Statement\":[{\"Action\":\"sts:AssumeRole\",\"Effect\":\"Allow\",\"Principal\":{\"Service\":\"eks.amazonaws.com\"}}],\"Version\":\"2012-10-17\"}",
            "create_date": "2026-01-15T16:29:07Z",
            "description": "",
            "force_detach_policies": false,
            "id": "overcookied-eks-cluster-role",
            "inline_policy": [],
            "managed_policy_arns": [
              "arn:aws:iam::aws:policy/AmazonEKSClusterPolicy",
              "arn:aws:iam::aws:policy/AmazonEKSVPCResourceController"
            ],
            "max_session_duration": 3600,
            "name": "overcookied-eks-cluster-role",
            "name_prefix": "",
            "path": "/",
            "permissions_boundary": "",
            "tags": {},
            "tags_all": {
              "Environment": "prod",
              "Layer": "EKS",
              "ManagedBy": "Terraform",
              "Project": "overcookied"
            },
            "unique_id": "AROAQO55YSSUP3VMAP72O"
          },
          "sensitive_attributes": [],
          "identity_schema_version": 0,
          "private": "bnVsbA=="
        }
      ]
    },
    {
      "mode": "managed",
      "type": "aws_iam_role",
      "name": "nodes",
      "provider": "provider[\"registry.terraform.io/hashicorp/aws\"]",
      "instances": [
        {
          "schema_version": 0,
          "attributes": {
            "arn": "arn:aws:iam::032073356456:role/overcookied-eks-nodes-role",
            "assume_role_policy": "{\"Statement\":[{\"Action\":\"sts:AssumeRole\",\"Effect\":\"Allow\",\"Principal\":{\"Service\":\"ec2.amazonaws.com\"}}],\"Version\":\"2012-10-17\"}",
            "create_date": "2026-01-15T16:29:07Z",
            "description": "",
            "force_detach_policies": false,
            "id": "overcookied-eks-nodes-role",
            "inline_policy": [],
            "managed_policy_arns": [
              "arn:aws:iam::aws:policy/AmazonEC2ContainerRegistryReadOnly",
              "arn:aws:iam::aws:policy/AmazonEKSWorkerNodePolicy",
              "arn:aws:iam::aws:policy/AmazonEKS_CNI_Policy"
            ],
            "max_session_duration": 3600,
            "name": "overcookied-eks-nodes-role",
            "name_prefix": "",
            "path": "/",
            "permissions_boundary": "",
            "tags": {},
            "tags_all": {
              "Environment": "prod",
              "Layer": "EKS",
              "ManagedBy": "Terraform",
              "Project": "overcookied"
            },
            "unique_id": "AROAQO55YSSUKJ7RJLEIQ"
          },
          "sensitive_attributes": [],
          "identity_schema_version": 0,
          "private": "bnVsbA=="
        }
      ]
    },
    {
      "mode": "managed",
      "type": "aws_iam_role_policy_attachment",
      "name": "aws_load_balancer_controller",
      "provider": "provider[\"registry.terraform.io/hashicorp/aws\"]",
      "instances": [
        {
          "schema_version": 0,
          "attributes": {
            "id": "overcookied-aws-load-balancer-controller-2026011516382462940000000d",
            "policy_arn": "arn:aws:iam::032073356456:policy/overcookied-aws-load-balancer-controller-policy",
            "role": "overcookied-aws-load-balancer-controller"
          },
          "sensitive_attributes": [],
          "identity_schema_version": 0,
          "private": "bnVsbA==",
          "dependencies": [
            "aws_eks_cluster.main",
            "aws_iam_openid_connect_provider.eks",
            "aws_iam_policy.aws_load_balancer_controller",
            "aws_iam_role.aws_load_balancer_controller",
            "aws_iam_role.cluster",
            "aws_iam_role_policy_attachment.cluster_policy",
            "aws_iam_role_policy_attachment.cluster_vpc_resource_controller",
            "aws_security_group.cluster",
            "data.terraform_remote_state.base",
            "data.tls_certificate.cluster"
          ]
        }
      ]
    },
    {
      "mode": "managed",
      "type": "aws_iam_role_policy_attachment",
      "name": "backend_dynamodb",
      "provider": "provider[\"registry.terraform.io/hashicorp/aws\"]",
      "instances": [
        {
          "schema_version": 0,
          "attributes": {
            "id": "overcookied-backend-pod-role-2026011516382460360000000b",
            "policy_arn": "arn:aws:iam::032073356456:policy/overcookied-backend-dynamodb-policy",
            "role": "overcookied-backend-pod-role"
          },
          "sensitive_attributes": [],
          "identity_schema_version": 0,
          "private": "bnVsbA==",
          "dependencies": [
            "aws_eks_cluster.main",
            "aws_iam_openid_connect_provider.eks",
            "aws_iam_policy.backend_dynamodb",
            "aws_iam_role.backend_pod",
            "aws_iam_role.cluster",
            "aws_iam_role_policy_attachment.cluster_policy",
            "aws_iam_role_policy_attachment.cluster_vpc_resource_controller",
            "aws_security_group.cluster",
            "data.aws_caller_identity.current",
            "data.terraform_remote_state.base",
            "data.tls_certificate.cluster"
          ]
        }
      ]
    },
    {
      "mode": "managed",
      "type": "aws_iam_role_policy_attachment",
      "name": "backend_secrets",
      "provider": "provider[\"registry.terraform.io/hashicorp/aws\"]",
      "instances": [
        {
          "schema_version": 0,
          "attributes": {
            "id": "overcookied-backend-pod-role-2026011516382462520000000c",
            "policy_arn": "arn:aws:iam::032073356456:policy/overcookied-backend-secrets-policy",
            "role": "overcookied-backend-pod-role"
          },
          "sensitive_attributes": [],
          "identity_schema_version": 0,
          "private": "bnVsbA==",
          "dependencies": [
            "aws_eks_cluster.main",
            "aws_iam_openid_connect_provider.eks",
            "aws_iam_policy.backend_secrets",
            "aws_iam_role.backend_pod",
            "aws_iam_role.cluster",
            "aws_iam_role_policy_attachment.cluster_policy",
            "aws_iam_role_policy_attachment.cluster_vpc_resource_controller",
            "aws_security_group.cluster",
            "data.aws_caller_identity.current",
            "data.terraform_remote_state.base",
            "data.tls_certificate.cluster"
          ]
        }
      ]
    },
    {
      "mode": "managed",
      "type": "aws_iam_role_policy_attachment",
      "name": "cluster_policy",
      "provider": "provider[\"registry.terraform.io/hashicorp/aws\"]",
      "instances": [
        {
          "schema_version": 0,
          "attributes": {
            "id": "overcookied-eks-cluster-role-20260115162907525800000002",
            "policy_arn": "arn:aws:iam::aws:policy/AmazonEKSClusterPolicy",
            "role": "overcookied-eks-cluster-role"
          },
          "sensitive_attributes": [],
          "identity_schema_version": 0,
          "private": "bnVsbA==",
          "dependencies": [
            "aws_iam_role.cluster"
          ]
        }
      ]
    },
    {
      "mode": "managed",
      "type": "aws_iam_role_policy_attachment",
      "name": "cluster_vpc_resource_controller",
      "provider": "provider[\"registry.terraform.io/hashicorp/aws\"]",
      "instances": [
        {
          "schema_version": 0,
          "attributes": {
            "id": "overcookied-eks-cluster-role-20260115162907544000000004",
            "policy_arn": "arn:aws:iam::aws:policy/AmazonEKSVPCResourceController",
            "role": "overcookied-eks-cluster-role"
          },
          "sensitive_attributes": [],
          "identity_schema_version": 0,
          "private": "bnVsbA==",
          "dependencies": [
            "aws_iam_role.cluster"
          ]
        }
      ]
    },
    {
      "mode": "managed",
      "type": "aws_iam_role_policy_attachment",
      "name": "nodes_cni",
      "provider": "provider[\"registry.terraform.io/hashicorp/aws\"]",
      "instances": [
        {
          "schema_version": 0,
          "attributes": {
            "id": "overcookied-eks-nodes-role-20260115162907544000000003",
            "policy_arn": "arn:aws:iam::aws:policy/AmazonEKS_CNI_Policy",
            "role": "overcookied-eks-nodes-role"
          },
          "sensitive_attributes": [],
          "identity_schema_version": 0,
          "private": "bnVsbA==",
          "dependencies": [
            "aws_iam_role.nodes"
          ]
        }
      ]
    },
    {
      "mode": "managed",
      "type": "aws_iam_role_policy_attachment",
      "name": "nodes_ecr_read",
      "provider": "provider[\"registry.terraform.io/hashicorp/aws\"]",
      "instances": [
        {
          "schema_version": 0,
          "attributes": {
            "id": "overcookied-eks-nodes-role-20260115162907579800000005",
            "policy_arn": "arn:aws:iam::aws:policy/AmazonEC2ContainerRegistryReadOnly",
            "role": "overcookied-eks-nodes-role"
          },
          "sensitive_attributes": [],
          "identity_schema_version": 0,
          "private": "bnVsbA==",
          "dependencies": [
            "aws_iam_role.nodes"
          ]
        }
      ]
    },
    {
      "mode": "managed",
      "type": "aws_iam_role_policy_attachment",
      "name": "nodes_worker_node",
      "provider": "provider[\"registry.terraform.io/hashicorp/aws\"]",
      "instances": [
        {
          "schema_version": 0,
          "attributes": {
            "id": "overcookied-eks-nodes-role-20260115162907594100000006",
            "policy_arn": "arn:aws:iam::aws:policy/AmazonEKSWorkerNodePolicy",
            "role": "overcookied-eks-nodes-role"
          },
          "sensitive_attributes": [],
          "identity_schema_version": 0,
          "private": "bnVsbA==",
          "dependencies": [
            "aws_iam_role.nodes"
          ]
        }
      ]
    },
    {
      "mode": "managed",
      "type": "aws_security_group",
      "name": "cluster",
      "provider": "provider[\"registry.terraform.io/hashicorp/aws\"]",
      "instances": [
        {
          "schema_version": 1,
          "attributes": {
            "arn": "arn:aws:ec2:eu-central-1:032073356456:security-group/sg-01ebc95de29515aa9",
            "description": "Security group for EKS cluster control plane",
            "egress": [
              {
                "cidr_blocks": [
                  "0.0.0.0/0"
                ],
                "description": "",
                "from_port": 0,
                "ipv6_cidr_blocks": [],
                "prefix_list_ids": [],
                "protocol": "-1",
                "security_groups": [],
                "self": false,
                "to_port": 0
              }
            ],
            "id": "sg-01ebc95de29515aa9",
            "ingress": [
              {
                "cidr_blocks": [],
                "description": "Allow nodes to communicate with control plane",
                "from_port": 443,
                "ipv6_cidr_blocks": [],
                "prefix_list_ids": [],
                "protocol": "tcp",
                "security_groups": [
                  "sg-0ca1e77632b054ee3"
                ],
                "self": false,
                "to_port": 443
              }
            ],
            "name": "overcookied-eks-cluster-20260115162906500100000001",
            "name_prefix": "overcookied-eks-cluster-",
            "owner_id": "032073356456",
            "revoke_rules_on_delete": false,
            "tags": {
              "Name": "overcookied-eks-cluster-sg"
            },
            "tags_all": {
              "Environment": "prod",
              "Layer": "EKS",
              "ManagedBy": "Terraform",
              "Name": "overcookied-eks-cluster-sg",
              "Project": "overcookied"
            },
            "timeouts": null,
            "vpc_id": "vpc-0fe2fdd69cf5318f3"
          },
          "sensitive_attributes": [],
          "identity_schema_version": 0,
          "private": "eyJlMmJmYjczMC1lY2FhLTExZTYtOGY4OC0zNDM2M2JjN2M0YzAiOnsiY3JlYXRlIjo2MDAwMDAwMDAwMDAsImRlbGV0ZSI6OTAwMDAwMDAwMDAwfSwic2NoZW1hX3ZlcnNpb24iOiIxIn0=",
          "dependencies": [
            "data.terraform_remote_state.base"
          ]
        }
      ]
    },
    {
      "mode": "managed",
      "type": "aws_security_group",
      "name": "nodes",
      "provider": "provider[\"registry.terraform.io/hashicorp/aws\"]",
      "instances": [
        {
          "schema_version": 1,
          "attributes": {
            "arn": "arn:aws:ec2:eu-central-1:032073356456:security-group/sg-0ca1e77632b054ee3",
            "description": "Security group for EKS worker nodes",
            "egress": [
              {
                "cidr_blocks": [
                  "0.0.0.0/0"
                ],
                "description": "",
                "from_port": 0,
                "ipv6_cidr_blocks": [],
                "prefix_list_ids": [],
                "protocol": "-1",
                "security_groups": [],
                "self": false,
                "to_port": 0
              }
            ],
            "id": "sg-0ca1e77632b054ee3",
            "ingress": [
              {
                "cidr_blocks": [],
                "description": "",
                "from_port": 0,
                "ipv6_cidr_blocks": [],
                "prefix_list_ids": [],
                "protocol": "tcp",
                "security_groups": [],
                "self": true,
                "to_port": 65535
              },
              {
                "cidr_blocks": [],
                "description": "",
                "from_port": 0,
                "ipv6_cidr_blocks": [],
                "prefix_list_ids": [],
                "protocol": "udp",
                "security_groups": [],
                "self": true,
                "to_port": 65535
              },
              {
                "cidr_blocks": [],
                "description": "",
                "from_port": 10250,
                "ipv6_cidr_blocks": [],
                "prefix_list_ids": [],
                "protocol": "tcp",
                "security_groups": [
                  "sg-01ebc95de29515aa9"
                ],
                "self": false,
                "to_port": 10250
              },
              {
                "cidr_blocks": [],
                "description": "",
                "from_port": 443,
                "ipv6_cidr_blocks": [],
                "prefix_list_ids": [],
                "protocol": "tcp",
                "security_groups": [
                  "sg-01ebc95de29515aa9"
                ],
                "self": false,
                "to_port": 443
              }
            ],
            "name": "overcookied-eks-nodes-20260115162908392400000007",
            "name_prefix": "overcookied-eks-nodes-",
            "owner_id": "032073356456",
            "revoke_rules_on_delete": false,
            "tags": {
              "Name": "overcookied-eks-nodes-sg",
              "kubernetes.io/cluster/overcookied-eks": "owned"
            },
            "tags_all": {
              "Environment": "prod",
              "Layer": "EKS",
              "ManagedBy": "Terraform",
              "Name": "overcookied-eks-nodes-sg",
              "Project": "overcookied",
              "kubernetes.io/cluster/overcookied-eks": "owned"
            },
            "timeouts": null,
            "vpc_id": "vpc-0fe2fdd69cf5318f3"
          },
          "sensitive_attributes": [],
          "identity_schema_version": 0,
          "private": "eyJlMmJmYjczMC1lY2FhLTExZTYtOGY4OC0zNDM2M2JjN2M0YzAiOnsiY3JlYXRlIjo2MDAwMDAwMDAwMDAsImRlbGV0ZSI6OTAwMDAwMDAwMDAwfSwic2NoZW1hX3ZlcnNpb24iOiIxIn0=",
          "dependencies": [
            "aws_security_group.cluster",
            "data.terraform_remote_state.base"
          ]
        }
      ]
    },
    {
      "mode": "managed",
      "type": "aws_security_group",
      "name": "valkey",
      "provider": "provider[\"registry.terraform.io/hashicorp/aws\"]",
      "instances": [
        {
          "schema_version": 1,
          "attributes": {
            "arn": "arn:aws:ec2:eu-central-1:032073356456:security-group/sg-06160e8bbd2fa915d",
            "description": "Security group for Valkey cache",
            "egress": [
              {
                "cidr_blocks": [
                  "0.0.0.0/0"
                ],
                "description": "",
                "from_port": 0,
                "ipv6_cidr_blocks": [],
                "prefix_list_ids": [],
                "protocol": "-1",
                "security_groups": [],
                "self": false,
                "to_port": 0
              }
            ],
            "id": "sg-06160e8bbd2fa915d",
            "ingress": [
              {
                "cidr_blocks": [],
                "description": "Valkey from EKS nodes",
                "from_port": 6379,
                "ipv6_cidr_blocks": [],
                "prefix_list_ids": [],
                "protocol": "tcp",
                "security_groups": [
                  "sg-0ca1e77632b054ee3"
                ],
                "self": false,
                "to_port": 6379
              }
            ],
            "name": "overcookied-valkey-sg",
            "name_prefix": "",
            "owner_id": "032073356456",
            "revoke_rules_on_delete": false,
            "tags": {
              "Name": "overcookied-valkey-sg"
            },
            "tags_all": {
              "Environment": "prod",
              "Layer": "EKS",
              "ManagedBy": "Terraform",
              "Name": "overcookied-valkey-sg",
              "Project": "overcookied"
            },
            "timeouts": null,
            "vpc_id": "vpc-0fe2fdd69cf5318f3"
          },
          "sensitive_attributes": [],
          "identity_schema_version": 0,
          "private": "eyJlMmJmYjczMC1lY2FhLTExZTYtOGY4OC0zNDM2M2JjN2M0YzAiOnsiY3JlYXRlIjo2MDAwMDAwMDAwMDAsImRlbGV0ZSI6OTAwMDAwMDAwMDAwfSwic2NoZW1hX3ZlcnNpb24iOiIxIn0=",
          "dependencies": [
            "aws_security_group.cluster",
            "aws_security_group.nodes",
            "data.terraform_remote_state.base"
          ]
        }
      ]
    },
    {
      "mode": "managed",
      "type": "aws_security_group_rule",
      "name": "cluster_ingress_nodes",
      "provider": "provider[\"registry.terraform.io/hashicorp/aws\"]",
      "instances": [
        {
          "schema_version": 2,
          "attributes": {
            "cidr_blocks": null,
            "description": "Allow nodes to communicate with control plane",
            "from_port": 443,
            "id": "sgrule-3438510382",
            "ipv6_cidr_blocks": null,
            "prefix_list_ids": null,
            "protocol": "tcp",
            "security_group_id": "sg-01ebc95de29515aa9",
            "security_group_rule_id": "sgr-0ecc27ffdc7b329f4",
            "self": false,
            "source_security_group_id": "sg-0ca1e77632b054ee3",
            "timeouts": null,
            "to_port": 443,
            "type": "ingress"
          },
          "sensitive_attributes": [],
          "identity_schema_version": 0,
          "private": "eyJlMmJmYjczMC1lY2FhLTExZTYtOGY4OC0zNDM2M2JjN2M0YzAiOnsiY3JlYXRlIjozMDAwMDAwMDAwMDB9LCJzY2hlbWFfdmVyc2lvbiI6IjIifQ==",
          "dependencies": [
            "aws_security_group.cluster",
            "aws_security_group.nodes",
            "data.terraform_remote_state.base"
          ]
        }
      ]
    },
    {
      "mode": "managed",
      "type": "helm_release",
      "name": "aws_load_balancer_controller",
      "provider": "provider[\"registry.terraform.io/hashicorp/helm\"]",
      "instances": [
        {
          "schema_version": 1,
          "attributes": {
            "atomic": false,
            "chart": "aws-load-balancer-controller",
            "cleanup_on_fail": true,
            "create_namespace": false,
            "dependency_update": false,
            "description": null,
            "devel": null,
            "disable_crd_hooks": false,
            "disable_openapi_validation": false,
            "disable_webhooks": false,
            "force_update": false,
            "id": "aws-load-balancer-controller",
            "keyring": null,
            "lint": false,
            "manifest": null,
            "max_history": 0,
            "metadata": [
              {
                "app_version": "v2.11.0",
                "chart": "aws-load-balancer-controller",
                "first_deployed": 1768495214,
                "last_deployed": 1768495214,
                "name": "aws-load-balancer-controller",
                "namespace": "kube-system",
                "notes": "AWS Load Balancer controller installed!\n",
                "revision": 1,
                "values": "{\"clusterName\":\"overcookied-eks\",\"region\":\"eu-central-1\",\"serviceAccount\":{\"annotations\":{\"eks.amazonaws.com/role-arn\":\"arn:aws:iam::032073356456:role/overcookied-aws-load-balancer-controller\"},\"create\":true,\"name\":\"aws-load-balancer-controller\"},\"vpcId\":\"vpc-0fe2fdd69cf5318f3\"}",
                "version": "1.11.0"
              }
            ],
            "name": "aws-load-balancer-controller",
            "namespace": "kube-system",
            "pass_credentials": false,
            "postrender": [],
            "recreate_pods": false,
            "render_subchart_notes": true,
            "replace": false,
            "repository": "https://aws.github.io/eks-charts",
            "repository_ca_file": null,
            "repository_cert_file": null,
            "repository_key_file": null,
            "repository_password": null,
            "repository_username": null,
            "reset_values": false,
            "reuse_values": false,
            "set": [
              {
                "name": "clusterName",
                "type": "",
                "value": "overcookied-eks"
              },
              {
                "name": "region",
                "type": "",
                "value": "eu-central-1"
              },
              {
                "name": "serviceAccount.annotations.eks\\.amazonaws\\.com/role-arn",
                "type": "",
                "value": "arn:aws:iam::032073356456:role/overcookied-aws-load-balancer-controller"
              },
              {
                "name": "serviceAccount.create",
                "type": "",
                "value": "true"
              },
              {
                "name": "serviceAccount.name",
                "type": "",
                "value": "aws-load-balancer-controller"
              },
              {
                "name": "vpcId",
                "type": "",
                "value": "vpc-0fe2fdd69cf5318f3"
              }
            ],
            "set_list": [],
            "set_sensitive": [],
            "skip_crds": false,
            "status": "deployed",
            "timeout": 600,
            "upgrade_install": null,
            "values": null,
            "verify": false,
            "version": "1.11.0",
            "wait": false,
            "wait_for_jobs": false
          },
          "sensitive_attributes": [
            [
              {
                "type": "get_attr",
                "value": "repository_password"
              }
            ]
          ],
          "identity_schema_version": 0,
          "private": "eyJzY2hlbWFfdmVyc2lvbiI6IjEifQ==",
          "dependencies": [
            "aws_eks_cluster.main",
            "aws_eks_node_group.main",
            "aws_iam_openid_connect_provider.eks",
            "aws_iam_policy.aws_load_balancer_controller",
            "aws_iam_role.aws_load_balancer_controller",
            "aws_iam_role.cluster",
            "aws_iam_role.nodes",
            "aws_iam_role_policy_attachment.aws_load_balancer_controller",
            "aws_iam_role_policy_attachment.cluster_policy",
            "aws_iam_role_policy_attachment.cluster_vpc_resource_controller",
            "aws_iam_role_policy_attachment.nodes_cni",
            "aws_iam_role_policy_attachment.nodes_ecr_read",
            "aws_iam_role_policy_attachment.nodes_worker_node",
            "aws_security_group.cluster",
            "data.terraform_remote_state.base",
            "data.tls_certificate.cluster"
          ]
        }
      ]
    }
  ],
  "check_results": null
}
